{
  "originHash" : "b3460fc311e6ae2ff13b42f71f6d135a06b5e938fc19e19f4a2d5e408d13929f",
  "pins" : [
    {
      "identity" : "mlx-swift",
      "kind" : "remoteSourceControl",
      "location" : "https://github.com/ml-explore/mlx-swift",
      "state" : {
        "revision" : "61b9e011e09a62b489f6bd647958f1555bdf2896",
        "version" : "0.31.3"
      }
    },
    {
      "identity" : "mlx-swift-lm",
      "kind" : "remoteSourceControl",
      "location" : "https://github.com/adrgrondin/mlx-swift-lm.git",
      "state" : {
        "branch" : "port/gemma-4-model",
        "revision" : "c21a3729568e0c50f3896cf21659a56c165bb3fa"
      }
    },
    {
      "identity" : "swift-asn1",
      "kind" : "remoteSourceControl",
      "location" : "https://github.com/apple/swift-asn1.git",
      "state" : {
        "revision" : "9f542610331815e29cc3821d3b6f488db8715517",
        "version" : "1.6.0"
      }
    },
    {
      "identity" : "swift-collections",
      "kind" : "remoteSourceControl",
      "location" : "https://github.com/apple/swift-collections.git",
      "state" : {
        "revision" : "6675bc0ff86e61436e615df6fc5174e043e57924",
        "version" : "1.4.1"
      }
    },
    {
      "identity" : "swift-crypto",
      "kind" : "remoteSourceControl",
      "location" : "https://github.com/apple/swift-crypto",
      "state" : {
        "revision" : "bb4ba815dab96d4edc1e0b86d7b9acf9ff973a84",
        "version" : "4.3.1"
      }
    },
    {
      "identity" : "swift-filelock",
      "kind" : "remoteSourceControl",
      "location" : "https://github.com/DePasqualeOrg/swift-filelock",
      "state" : {
        "revision" : "3894dbeea7593724b847f7cff32a3e2b162b70a0",
        "version" : "0.1.1"
      }
    },
    {
      "identity" : "swift-hf-api",
      "kind" : "remoteSourceControl",
      "location" : "https://github.com/DePasqualeOrg/swift-hf-api.git",
      "state" : {
        "revision" : "476fd7537ac5aa8b8067235d13c61a01f4a43bb9",
        "version" : "0.2.2"
      }
    },
    {
      "identity" : "swift-jinja",
      "kind" : "remoteSourceControl",
      "location" : "https://github.com/huggingface/swift-jinja.git",
      "state" : {
        "revision" : "0aeefadec459ce8e11a333769950fb86183aca43",
        "version" : "2.3.5"
      }
    },
    {
      "identity" : "swift-numerics",
      "kind" : "remoteSourceControl",
      "location" : "https://github.com/apple/swift-numerics",
      "state" : {
        "revision" : "0c0290ff6b24942dadb83a929ffaaa1481df04a2",
        "version" : "1.1.1"
      }
    },
    {
      "identity" : "swift-sse",
      "kind" : "remoteSourceControl",
      "location" : "https://github.com/DePasqualeOrg/swift-sse",
      "state" : {
        "revision" : "c8e3f1a5d4cdf708c891bae1f2a975519627b65c",
        "version" : "0.1.0"
      }
    },
    {
      "identity" : "swift-syntax",
      "kind" : "remoteSourceControl",
      "location" : "https://github.com/swiftlang/swift-syntax.git",
      "state" : {
        "revision" : "0687f71944021d616d34d922343dcef086855920",
        "version" : "600.0.1"
      }
    },
    {
      "identity" : "swift-tokenizers",
      "kind" : "remoteSourceControl",
      "location" : "https://github.com/DePasqualeOrg/swift-tokenizers.git",
      "state" : {
        "revision" : "29ded3de60b196bcaf3d6a05d8f5a131bdc16b9b",
        "version" : "0.3.2"
      }
    },
    {
      "identity" : "swift-xet",
      "kind" : "remoteSourceControl",
      "location" : "https://github.com/DePasqualeOrg/swift-xet",
      "state" : {
        "revision" : "d6ace41073825e04fc7a8441ab4613afcf7fd32f",
        "version" : "0.1.1"
      }
    },
    {
      "identity" : "yyjson",
      "kind" : "remoteSourceControl",
      "location" : "https://github.com/ibireme/yyjson.git",
      "state" : {
        "revision" : "8b4a38dc994a110abaec8a400615567bd996105f",
        "version" : "0.12.0"
      }
    }
  ],
  "version" : 3
}
